// !$*UTF8*$!
{
	archiveVersion = 1;
	classes = {
	};
	objectVersion = 46;
	objects = {

/* Begin PBXBuildFile section */
		F069AEB0151FE82700BA26B3 /* UIKit.framework in Frameworks */ = {isa = PBXBuildFile; fileRef = F069AEAF151FE82700BA26B3 /* UIKit.framework */; };
		F069AEB2151FE82700BA26B3 /* Foundation.framework in Frameworks */ = {isa = PBXBuildFile; fileRef = F069AEB1151FE82700BA26B3 /* Foundation.framework */; };
		F069AEB4151FE82700BA26B3 /* CoreGraphics.framework in Frameworks */ = {isa = PBXBuildFile; fileRef = F069AEB3151FE82700BA26B3 /* CoreGraphics.framework */; };
		F069AEBA151FE82700BA26B3 /* InfoPlist.strings in Resources */ = {isa = PBXBuildFile; fileRef = F069AEB8151FE82700BA26B3 /* InfoPlist.strings */; };
		F069AEBC151FE82700BA26B3 /* main.m in Sources */ = {isa = PBXBuildFile; fileRef = F069AEBB151FE82700BA26B3 /* main.m */; };
		F069AEC0151FE82700BA26B3 /* AppDelegate.m in Sources */ = {isa = PBXBuildFile; fileRef = F069AEBF151FE82700BA26B3 /* AppDelegate.m */; };
		F069AEC3151FE82700BA26B3 /* ViewController.m in Sources */ = {isa = PBXBuildFile; fileRef = F069AEC2151FE82700BA26B3 /* ViewController.m */; };
		F069AEC6151FE82700BA26B3 /* ViewController.xib in Resources */ = {isa = PBXBuildFile; fileRef = F069AEC4151FE82700BA26B3 /* ViewController.xib */; };
		F09791CB179DA004005F30CD /* rob.jpg in Resources */ = {isa = PBXBuildFile; fileRef = F09791CA179DA004005F30CD /* rob.jpg */; };
		F09791CD179DA129005F30CD /* Default-568h@2x.png in Resources */ = {isa = PBXBuildFile; fileRef = F09791CC179DA129005F30CD /* Default-568h@2x.png */; };
/* End PBXBuildFile section */

/* Begin PBXFileReference section */
		F069AEAB151FE82700BA26B3 /* Transformations.app */ = {isa = PBXFileReference; explicitFileType = wrapper.application; includeInIndex = 0; path = Transformations.app; sourceTree = BUILT_PRODUCTS_DIR; };
		F069AEAF151FE82700BA26B3 /* UIKit.framework */ = {isa = PBXFileReference; lastKnownFileType = wrapper.framework; name = UIKit.framework; path = System/Library/Frameworks/UIKit.framework; sourceTree = SDKROOT; };
		F069AEB1151FE82700BA26B3 /* Foundation.framework */ = {isa = PBXFileReference; lastKnownFileType = wrapper.framework; name = Foundation.framework; path = System/Library/Frameworks/Foundation.framework; sourceTree = SDKROOT; };
		F069AEB3151FE82700BA26B3 /* CoreGraphics.framework */ = {isa = PBXFileReference; lastKnownFileType = wrapper.framework; name = CoreGraphics.framework; path = System/Library/Frameworks/CoreGraphics.framework; sourceTree = SDKROOT; };
		F069AEB7151FE82700BA26B3 /* Transformations-Info.plist */ = {isa = PBXFileReference; lastKnownFileType = text.plist.xml; path = "Transformations-Info.plist"; sourceTree = "<group>"; };
		F069AEB9151FE82700BA26B3 /* en */ = {isa = PBXFileReference; lastKnownFileType = text.plist.strings; name = en; path = en.lproj/InfoPlist.strings; sourceTree = "<group>"; };
		F069AEBB151FE82700BA26B3 /* main.m */ = {isa = PBXFileReference; lastKnownFileType = sourcecode.c.objc; path = main.m; sourceTree = "<group>"; };
		F069AEBD151FE82700BA26B3 /* Transformations-Prefix.pch */ = {isa = PBXFileReference; lastKnownFileType = sourcecode.c.h; path = "Transformations-Prefix.pch"; sourceTree = "<group>"; };
		F069AEBE151FE82700BA26B3 /* AppDelegate.h */ = {isa = PBXFileReference; lastKnownFileType = sourcecode.c.h; path = AppDelegate.h; sourceTree = "<group>"; };
		F069AEBF151FE82700BA26B3 /* AppDelegate.m */ = {isa = PBXFileReference; lastKnownFileType = sourcecode.c.objc; path = AppDelegate.m; sourceTree = "<group>"; };
		F069AEC1151FE82700BA26B3 /* ViewController.h */ = {isa = PBXFileReference; lastKnownFileType = sourcecode.c.h; path = ViewController.h; sourceTree = "<group>"; };
		F069AEC2151FE82700BA26B3 /* ViewController.m */ = {isa = PBXFileReference; lastKnownFileType = sourcecode.c.objc; path = ViewController.m; sourceTree = "<group>"; };
		F069AEC5151FE82700BA26B3 /* en */ = {isa = PBXFileReference; lastKnownFileType = file.xib; name = en; path = en.lproj/ViewController.xib; sourceTree = "<group>"; };
		F09791CA179DA004005F30CD /* rob.jpg */ = {isa = PBXFileReference; lastKnownFileType = image.jpeg; path = rob.jpg; sourceTree = "<group>"; };
		F09791CC179DA129005F30CD /* Default-568h@2x.png */ = {isa = PBXFileReference; lastKnownFileType = image.png; path = "Default-568h@2x.png"; sourceTree = "<group>"; };
/* End PBXFileReference section */

/* Begin PBXFrameworksBuildPhase section */
		F069AEA8151FE82700BA26B3 /* Frameworks */ = {
			isa = PBXFrameworksBuildPhase;
			buildActionMask = 2147483647;
			files = (
				F069AEB0151FE82700BA26B3 /* UIKit.framework in Frameworks */,
				F069AEB2151FE82700BA26B3 /* Foundation.framework in Frameworks */,
				F069AEB4151FE82700BA26B3 /* CoreGraphics.framework in Frameworks */,
			);
			runOnlyForDeploymentPostprocessing = 0;
		};
/* End PBXFrameworksBuildPhase section */

/* Begin PBXGroup section */
		F069AEA0151FE82700BA26B3 = {
			isa = PBXGroup;
			children = (
				F069AEB5151FE82700BA26B3 /* Transformations */,
				F069AEAE151FE82700BA26B3 /* Frameworks */,
				F069AEAC151FE82700BA26B3 /* Products */,
			);
			sourceTree = "<group>";
		};
		F069AEAC151FE82700BA26B3 /* Products */ = {
			isa = PBXGroup;
			children = (
				F069AEAB151FE82700BA26B3 /* Transformations.app */,
			);
			name = Products;
			sourceTree = "<group>";
		};
		F069AEAE151FE82700BA26B3 /* Frameworks */ = {
			isa = PBXGroup;
			children = (
				F069AEAF151FE82700BA26B3 /* UIKit.framework */,
				F069AEB1151FE82700BA26B3 /* Foundation.framework */,
				F069AEB3151FE82700BA26B3 /* CoreGraphics.framework */,
			);
			name = Frameworks;
			sourceTree = "<group>";
		};
		F069AEB5151FE82700BA26B3 /* Transformations */ = {
			isa = PBXGroup;
			children = (
				F069AEBE151FE82700BA26B3 /* AppDelegate.h */,
				F069AEBF151FE82700BA26B3 /* AppDelegate.m */,
				F069AEC1151FE82700BA26B3 /* ViewController.h */,
				F069AEC2151FE82700BA26B3 /* ViewController.m */,
				F069AEC4151FE82700BA26B3 /* ViewController.xib */,
				F069AEB6151FE82700BA26B3 /* Supporting Files */,
			);
			path = Transformations;
			sourceTree = "<group>";
		};
		F069AEB6151FE82700BA26B3 /* Supporting Files */ = {
			isa = PBXGroup;
			children = (
				F09791CC179DA129005F30CD /* Default-568h@2x.png */,
				F069AEB8151FE82700BA26B3 /* InfoPlist.strings */,
				F069AEBB151FE82700BA26B3 /* main.m */,
				F09791CA179DA004005F30CD /* rob.jpg */,
				F069AEB7151FE82700BA26B3 /* Transformations-Info.plist */,
				F069AEBD151FE82700BA26B3 /* Transformations-Prefix.pch */,
			);
			name = "Supporting Files";
			sourceTree = "<group>";
		};
/* End PBXGroup section */

/* Begin PBXNativeTarget section */
		F069AEAA151FE82700BA26B3 /* Transformations */ = {
			isa = PBXNativeTarget;
			buildConfigurationList = F069AEC9151FE82700BA26B3 /* Build configuration list for PBXNativeTarget "Transformations" */;
			buildPhases = (
				F069AEA7151FE82700BA26B3 /* Sources */,
				F069AEA8151FE82700BA26B3 /* Frameworks */,
				F069AEA9151FE82700BA26B3 /* Resources */,
			);
			buildRules = (
			);
			dependencies = (
			);
			name = Transformations;
			productName = Transformations;
			productReference = F069AEAB151FE82700BA26B3 /* Transformations.app */;
			productType = "com.apple.product-type.application";
		};
/* End PBXNativeTarget section */

/* Begin PBXProject section */
		F069AEA2151FE82700BA26B3 /* Project object */ = {
			isa = PBXProject;
			attributes = {
				LastUpgradeCheck = 0430;
			};
			buildConfigurationList = F069AEA5151FE82700BA26B3 /* Build configuration list for PBXProject "Transformations" */;
			compatibilityVersion = "Xcode 3.2";
			developmentRegion = English;
			hasScannedForEncodings = 0;
			knownRegions = (
				en,
			);
			mainGroup = F069AEA0151FE82700BA26B3;
			productRefGroup = F069AEAC151FE82700BA26B3 /* Products */;
			projectDirPath = "";
			projectRoot = "";
			targets = (
				F069AEAA151FE82700BA26B3 /* Transformations */,
			);
		};
/* End PBXProject section */

/* Begin PBXResourcesBuildPhase section */
		F069AEA9151FE82700BA26B3 /* Resources */ = {
			isa = PBXResourcesBuildPhase;
			buildActionMask = 2147483647;
			files = (
				F069AEBA151FE82700BA26B3 /* InfoPlist.strings in Resources */,
				F069AEC6151FE82700BA26B3 /* ViewController.xib in Resources */,
				F09791CB179DA004005F30CD /* rob.jpg in Resources */,
				F09791CD179DA129005F30CD /* Default-568h@2x.png in Resources */,
			);
			runOnlyForDeploymentPostprocessing = 0;
		};
/* End PBXResourcesBuildPhase section */

/* Begin PBXSourcesBuildPhase section */
		F069AEA7151FE82700BA26B3 /* Sources */ = {
			isa = PBXSourcesBuildPhase;
			buildActionMask = 2147483647;
			files = (
				F069AEBC151FE82700BA26B3 /* main.m in Sources */,
				F069AEC0151FE82700BA26B3 /* AppDelegate.m in Sources */,
				F069AEC3151FE82700BA26B3 /* ViewController.m in Sources */,
			);
			runOnlyForDeploymentPostprocessing = 0;
		};
/* End PBXSourcesBuildPhase section */

/* Begin PBXVariantGroup section */
		F069AEB8151FE82700BA26B3 /* InfoPlist.strings */ = {
			isa = PBXVariantGroup;
			children = (
				F069AEB9151FE82700BA26B3 /* en */,
			);
			name = InfoPlist.strings;
			sourceTree = "<group>";
		};
		F069AEC4151FE82700BA26B3 /* ViewController.xib */ = {
			isa = PBXVariantGroup;
			children = (
				F069AEC5151FE82700BA26B3 /* en */,
			);
			name = ViewController.xib;
			sourceTree = "<group>";
		};
/* End PBXVariantGroup section */

/* Begin XCBuildConfiguration section */
		F069AEC7151FE82700BA26B3 /* Debug */ = {
			isa = XCBuildConfiguration;
			buildSettings = {
				ALWAYS_SEARCH_USER_PATHS = NO;
				ARCHS = "$(ARCHS_STANDARD_32_BIT)";
				CLANG_ENABLE_OBJC_ARC = YES;
				"CODE_SIGN_IDENTITY[sdk=iphoneos*]" = "iPhone Developer";
				COPY_PHASE_STRIP = NO;
				GCC_C_LANGUAGE_STANDARD = gnu99;
				GCC_DYNAMIC_NO_PIC = NO;
				GCC_OPTIMIZATION_LEVEL = 0;
				GCC_PREPROCESSOR_DEFINITIONS = (
					"DEBUG=1",
					"$(inherited)",
				);
				GCC_SYMBOLS_PRIVATE_EXTERN = NO;
				GCC_VERSION = com.apple.compilers.llvm.clang.1_0;
				GCC_WARN_ABOUT_RETURN_TYPE = YES;
				GCC_WARN_UNINITIALIZED_AUTOS = YES;
				GCC_WARN_UNUSED_VARIABLE = YES;
				IPHONEOS_DEPLOYMENT_TARGET = 5.1;
				SDKROOT = iphoneos;
			};
			name = Debug;
		};
		F069AEC8151FE82700BA26B3 /* Release */ = {
			isa = XCBuildConfiguration;
			buildSettings = {
				ALWAYS_SEARCH_USER_PATHS = NO;
				ARCHS = "$(ARCHS_STANDARD_32_BIT)";
				CLANG_ENABLE_OBJC_ARC = YES;
				"CODE_SIGN_IDENTITY[sdk=iphoneos*]" = "iPhone Developer";
				COPY_PHASE_STRIP = YES;
				GCC_C_LANGUAGE_STANDARD = gnu99;
				GCC_VERSION = com.apple.compilers.llvm.clang.1_0;
				GCC_WARN_ABOUT_RETURN_TYPE = YES;
				GCC_WARN_UNINITIALIZED_AUTOS = YES;
				GCC_WARN_UNUSED_VARIABLE = YES;
				IPHONEOS_DEPLOYMENT_TARGET = 5.1;
				OTHER_CFLAGS = "-DNS_BLOCK_ASSERTIONS=1";
				SDKROOT = iphoneos;
				VALIDATE_PRODUCT = YES;
			};
			name = Release;
		};
		F069AECA151FE82700BA26B3 /* Debug */ = {
			isa = XCBuildConfiguration;
			buildSettings = {
				GCC_PRECOMPILE_PREFIX_HEADER = YES;
				GCC_PREFIX_HEADER = "Transformations/Transformations-Prefix.pch";
				INFOPLIST_FILE = "Transformations/Transformations-Info.plist";
				PRODUCT_NAME = "$(TARGET_NAME)";
				WRAPPER_EXTENSION = app;
			};
			name = Debug;
		};
		F069AECB151FE82700BA26B3 /* Release */ = {
			isa = XCBuildConfiguration;
			buildSettings = {
				GCC_PRECOMPILE_PREFIX_HEADER = YES;
				GCC_PREFIX_HEADER = "Transformations/Transformations-Prefix.pch";
				INFOPLIST_FILE = "Transformations/Transformations-Info.plist";
				PRODUCT_NAME = "$(TARGET_NAME)";
				WRAPPER_EXTENSION = app;
			};
			name = Release;
		};
/* End XCBuildConfiguration section */

/* Begin XCConfigurationList section */
		F069AEA5151FE82700BA26B3 /* Build configuration list for PBXProject "Transformations" */ = {
			isa = XCConfigurationList;
			buildConfigurations = (
				F069AEC7151FE82700BA26B3 /* Debug */,
				F069AEC8151FE82700BA26B3 /* Release */,
			);
			defaultConfigurationIsVisible = 0;
			defaultConfigurationName = Release;
		};
		F069AEC9151FE82700BA26B3 /* Build configuration list for PBXNativeTarget "Transformations" */ = {
			isa = XCConfigurationList;
			buildConfigurations = (
				F069AECA151FE82700BA26B3 /* Debug */,
				F069AECB151FE82700BA26B3 /* Release */,
			);
			defaultConfigurationIsVisible = 0;
			defaultConfigurationName = Release;
		};
/* End XCConfigurationList section */
	};
	rootObject = F069AEA2151FE82700BA26B3 /* Project object */;
}
