// !$*UTF8*$!
{
	archiveVersion = 1;
	classes = {
	};
	objectVersion = 46;
	objects = {

/* Begin PBXBuildFile section */
		F033D5EB151FCE40001B2725 /* UIKit.framework in Frameworks */ = {isa = PBXBuildFile; fileRef = F033D5EA151FCE40001B2725 /* UIKit.framework */; };
		F033D5ED151FCE40001B2725 /* Foundation.framework in Frameworks */ = {isa = PBXBuildFile; fileRef = F033D5EC151FCE40001B2725 /* Foundation.framework */; };
		F033D5EF151FCE40001B2725 /* CoreGraphics.framework in Frameworks */ = {isa = PBXBuildFile; fileRef = F033D5EE151FCE40001B2725 /* CoreGraphics.framework */; };
		F033D5F5151FCE40001B2725 /* InfoPlist.strings in Resources */ = {isa = PBXBuildFile; fileRef = F033D5F3151FCE40001B2725 /* InfoPlist.strings */; };
		F033D5F7151FCE40001B2725 /* main.m in Sources */ = {isa = PBXBuildFile; fileRef = F033D5F6151FCE40001B2725 /* main.m */; };
		F033D5FB151FCE40001B2725 /* AppDelegate.m in Sources */ = {isa = PBXBuildFile; fileRef = F033D5FA151FCE40001B2725 /* AppDelegate.m */; };
		F033D5FE151FCE40001B2725 /* ViewController.m in Sources */ = {isa = PBXBuildFile; fileRef = F033D5FD151FCE40001B2725 /* ViewController.m */; };
		F033D601151FCE40001B2725 /* ViewController.xib in Resources */ = {isa = PBXBuildFile; fileRef = F033D5FF151FCE40001B2725 /* ViewController.xib */; };
		F033D609151FCE65001B2725 /* ball.png in Resources */ = {isa = PBXBuildFile; fileRef = F033D607151FCE65001B2725 /* ball.png */; };
		F033D60A151FCE65001B2725 /* paddle.png in Resources */ = {isa = PBXBuildFile; fileRef = F033D608151FCE65001B2725 /* paddle.png */; };
		F033D639151FD8C3001B2725 /* PongView.m in Sources */ = {isa = PBXBuildFile; fileRef = F033D638151FD8C3001B2725 /* PongView.m */; };
		F0708ED7179DAF070067404A /* Default-568h@2x.png in Resources */ = {isa = PBXBuildFile; fileRef = F0708ED6179DAF070067404A /* Default-568h@2x.png */; };
/* End PBXBuildFile section */

/* Begin PBXFileReference section */
		F033D5E6151FCE40001B2725 /* Pong.app */ = {isa = PBXFileReference; explicitFileType = wrapper.application; includeInIndex = 0; path = Pong.app; sourceTree = BUILT_PRODUCTS_DIR; };
		F033D5EA151FCE40001B2725 /* UIKit.framework */ = {isa = PBXFileReference; lastKnownFileType = wrapper.framework; name = UIKit.framework; path = System/Library/Frameworks/UIKit.framework; sourceTree = SDKROOT; };
		F033D5EC151FCE40001B2725 /* Foundation.framework */ = {isa = PBXFileReference; lastKnownFileType = wrapper.framework; name = Foundation.framework; path = System/Library/Frameworks/Foundation.framework; sourceTree = SDKROOT; };
		F033D5EE151FCE40001B2725 /* CoreGraphics.framework */ = {isa = PBXFileReference; lastKnownFileType = wrapper.framework; name = CoreGraphics.framework; path = System/Library/Frameworks/CoreGraphics.framework; sourceTree = SDKROOT; };
		F033D5F2151FCE40001B2725 /* Pong-Info.plist */ = {isa = PBXFileReference; lastKnownFileType = text.plist.xml; path = "Pong-Info.plist"; sourceTree = "<group>"; };
		F033D5F4151FCE40001B2725 /* en */ = {isa = PBXFileReference; lastKnownFileType = text.plist.strings; name = en; path = en.lproj/InfoPlist.strings; sourceTree = "<group>"; };
		F033D5F6151FCE40001B2725 /* main.m */ = {isa = PBXFileReference; lastKnownFileType = sourcecode.c.objc; path = main.m; sourceTree = "<group>"; };
		F033D5F8151FCE40001B2725 /* Pong-Prefix.pch */ = {isa = PBXFileReference; lastKnownFileType = sourcecode.c.h; path = "Pong-Prefix.pch"; sourceTree = "<group>"; };
		F033D5F9151FCE40001B2725 /* AppDelegate.h */ = {isa = PBXFileReference; lastKnownFileType = sourcecode.c.h; path = AppDelegate.h; sourceTree = "<group>"; };
		F033D5FA151FCE40001B2725 /* AppDelegate.m */ = {isa = PBXFileReference; lastKnownFileType = sourcecode.c.objc; path = AppDelegate.m; sourceTree = "<group>"; };
		F033D5FC151FCE40001B2725 /* ViewController.h */ = {isa = PBXFileReference; lastKnownFileType = sourcecode.c.h; path = ViewController.h; sourceTree = "<group>"; };
		F033D5FD151FCE40001B2725 /* ViewController.m */ = {isa = PBXFileReference; lastKnownFileType = sourcecode.c.objc; path = ViewController.m; sourceTree = "<group>"; };
		F033D600151FCE40001B2725 /* en */ = {isa = PBXFileReference; lastKnownFileType = file.xib; name = en; path = en.lproj/ViewController.xib; sourceTree = "<group>"; };
		F033D607151FCE65001B2725 /* ball.png */ = {isa = PBXFileReference; lastKnownFileType = image.png; path = ball.png; sourceTree = "<group>"; };
		F033D608151FCE65001B2725 /* paddle.png */ = {isa = PBXFileReference; lastKnownFileType = image.png; path = paddle.png; sourceTree = "<group>"; };
		F033D637151FD8C3001B2725 /* PongView.h */ = {isa = PBXFileReference; fileEncoding = 4; lastKnownFileType = sourcecode.c.h; path = PongView.h; sourceTree = "<group>"; };
		F033D638151FD8C3001B2725 /* PongView.m */ = {isa = PBXFileReference; fileEncoding = 4; lastKnownFileType = sourcecode.c.objc; path = PongView.m; sourceTree = "<group>"; };
		F0708ED6179DAF070067404A /* Default-568h@2x.png */ = {isa = PBXFileReference; lastKnownFileType = image.png; path = "Default-568h@2x.png"; sourceTree = "<group>"; };
/* End PBXFileReference section */

/* Begin PBXFrameworksBuildPhase section */
		F033D5E3151FCE40001B2725 /* Frameworks */ = {
			isa = PBXFrameworksBuildPhase;
			buildActionMask = 2147483647;
			files = (
				F033D5EB151FCE40001B2725 /* UIKit.framework in Frameworks */,
				F033D5ED151FCE40001B2725 /* Foundation.framework in Frameworks */,
				F033D5EF151FCE40001B2725 /* CoreGraphics.framework in Frameworks */,
			);
			runOnlyForDeploymentPostprocessing = 0;
		};
/* End PBXFrameworksBuildPhase section */

/* Begin PBXGroup section */
		F033D5DB151FCE40001B2725 = {
			isa = PBXGroup;
			children = (
				F033D5F0151FCE40001B2725 /* Pong */,
				F033D5E9151FCE40001B2725 /* Frameworks */,
				F033D5E7151FCE40001B2725 /* Products */,
			);
			sourceTree = "<group>";
		};
		F033D5E7151FCE40001B2725 /* Products */ = {
			isa = PBXGroup;
			children = (
				F033D5E6151FCE40001B2725 /* Pong.app */,
			);
			name = Products;
			sourceTree = "<group>";
		};
		F033D5E9151FCE40001B2725 /* Frameworks */ = {
			isa = PBXGroup;
			children = (
				F033D5EA151FCE40001B2725 /* UIKit.framework */,
				F033D5EC151FCE40001B2725 /* Foundation.framework */,
				F033D5EE151FCE40001B2725 /* CoreGraphics.framework */,
			);
			name = Frameworks;
			sourceTree = "<group>";
		};
		F033D5F0151FCE40001B2725 /* Pong */ = {
			isa = PBXGroup;
			children = (
				F033D5F9151FCE40001B2725 /* AppDelegate.h */,
				F033D5FA151FCE40001B2725 /* AppDelegate.m */,
				F033D637151FD8C3001B2725 /* PongView.h */,
				F033D638151FD8C3001B2725 /* PongView.m */,
				F033D5FC151FCE40001B2725 /* ViewController.h */,
				F033D5FD151FCE40001B2725 /* ViewController.m */,
				F033D5FF151FCE40001B2725 /* ViewController.xib */,
				F033D5F1151FCE40001B2725 /* Supporting Files */,
			);
			path = Pong;
			sourceTree = "<group>";
		};
		F033D5F1151FCE40001B2725 /* Supporting Files */ = {
			isa = PBXGroup;
			children = (
				F033D607151FCE65001B2725 /* ball.png */,
				F0708ED6179DAF070067404A /* Default-568h@2x.png */,
				F033D5F3151FCE40001B2725 /* InfoPlist.strings */,
				F033D5F6151FCE40001B2725 /* main.m */,
				F033D608151FCE65001B2725 /* paddle.png */,
				F033D5F2151FCE40001B2725 /* Pong-Info.plist */,
				F033D5F8151FCE40001B2725 /* Pong-Prefix.pch */,
			);
			name = "Supporting Files";
			sourceTree = "<group>";
		};
/* End PBXGroup section */

/* Begin PBXNativeTarget section */
		F033D5E5151FCE40001B2725 /* Pong */ = {
			isa = PBXNativeTarget;
			buildConfigurationList = F033D604151FCE40001B2725 /* Build configuration list for PBXNativeTarget "Pong" */;
			buildPhases = (
				F033D5E2151FCE40001B2725 /* Sources */,
				F033D5E3151FCE40001B2725 /* Frameworks */,
				F033D5E4151FCE40001B2725 /* Resources */,
			);
			buildRules = (
			);
			dependencies = (
			);
			name = Pong;
			productName = Pong;
			productReference = F033D5E6151FCE40001B2725 /* Pong.app */;
			productType = "com.apple.product-type.application";
		};
/* End PBXNativeTarget section */

/* Begin PBXProject section */
		F033D5DD151FCE40001B2725 /* Project object */ = {
			isa = PBXProject;
			attributes = {
				LastUpgradeCheck = 0430;
			};
			buildConfigurationList = F033D5E0151FCE40001B2725 /* Build configuration list for PBXProject "Pong" */;
			compatibilityVersion = "Xcode 3.2";
			developmentRegion = English;
			hasScannedForEncodings = 0;
			knownRegions = (
				en,
			);
			mainGroup = F033D5DB151FCE40001B2725;
			productRefGroup = F033D5E7151FCE40001B2725 /* Products */;
			projectDirPath = "";
			projectRoot = "";
			targets = (
				F033D5E5151FCE40001B2725 /* Pong */,
			);
		};
/* End PBXProject section */

/* Begin PBXResourcesBuildPhase section */
		F033D5E4151FCE40001B2725 /* Resources */ = {
			isa = PBXResourcesBuildPhase;
			buildActionMask = 2147483647;
			files = (
				F033D5F5151FCE40001B2725 /* InfoPlist.strings in Resources */,
				F033D601151FCE40001B2725 /* ViewController.xib in Resources */,
				F033D609151FCE65001B2725 /* ball.png in Resources */,
				F033D60A151FCE65001B2725 /* paddle.png in Resources */,
				F0708ED7179DAF070067404A /* Default-568h@2x.png in Resources */,
			);
			runOnlyForDeploymentPostprocessing = 0;
		};
/* End PBXResourcesBuildPhase section */

/* Begin PBXSourcesBuildPhase section */
		F033D5E2151FCE40001B2725 /* Sources */ = {
			isa = PBXSourcesBuildPhase;
			buildActionMask = 2147483647;
			files = (
				F033D5F7151FCE40001B2725 /* main.m in Sources */,
				F033D5FB151FCE40001B2725 /* AppDelegate.m in Sources */,
				F033D5FE151FCE40001B2725 /* ViewController.m in Sources */,
				F033D639151FD8C3001B2725 /* PongView.m in Sources */,
			);
			runOnlyForDeploymentPostprocessing = 0;
		};
/* End PBXSourcesBuildPhase section */

/* Begin PBXVariantGroup section */
		F033D5F3151FCE40001B2725 /* InfoPlist.strings */ = {
			isa = PBXVariantGroup;
			children = (
				F033D5F4151FCE40001B2725 /* en */,
			);
			name = InfoPlist.strings;
			sourceTree = "<group>";
		};
		F033D5FF151FCE40001B2725 /* ViewController.xib */ = {
			isa = PBXVariantGroup;
			children = (
				F033D600151FCE40001B2725 /* en */,
			);
			name = ViewController.xib;
			sourceTree = "<group>";
		};
/* End PBXVariantGroup section */

/* Begin XCBuildConfiguration section */
		F033D602151FCE40001B2725 /* Debug */ = {
			isa = XCBuildConfiguration;
			buildSettings = {
				ALWAYS_SEARCH_USER_PATHS = NO;
				ARCHS = "$(ARCHS_STANDARD_32_BIT)";
				CLANG_ENABLE_OBJC_ARC = YES;
				"CODE_SIGN_IDENTITY[sdk=iphoneos*]" = "iPhone Developer";
				COPY_PHASE_STRIP = NO;
				GCC_C_LANGUAGE_STANDARD = gnu99;
				GCC_DYNAMIC_NO_PIC = NO;
				GCC_OPTIMIZATION_LEVEL = 0;
				GCC_PREPROCESSOR_DEFINITIONS = (
					"DEBUG=1",
					"$(inherited)",
				);
				GCC_SYMBOLS_PRIVATE_EXTERN = NO;
				GCC_VERSION = com.apple.compilers.llvm.clang.1_0;
				GCC_WARN_ABOUT_RETURN_TYPE = YES;
				GCC_WARN_UNINITIALIZED_AUTOS = YES;
				GCC_WARN_UNUSED_VARIABLE = YES;
				IPHONEOS_DEPLOYMENT_TARGET = 6.1;
				SDKROOT = iphoneos;
			};
			name = Debug;
		};
		F033D603151FCE40001B2725 /* Release */ = {
			isa = XCBuildConfiguration;
			buildSettings = {
				ALWAYS_SEARCH_USER_PATHS = NO;
				ARCHS = "$(ARCHS_STANDARD_32_BIT)";
				CLANG_ENABLE_OBJC_ARC = YES;
				"CODE_SIGN_IDENTITY[sdk=iphoneos*]" = "iPhone Developer";
				COPY_PHASE_STRIP = YES;
				GCC_C_LANGUAGE_STANDARD = gnu99;
				GCC_VERSION = com.apple.compilers.llvm.clang.1_0;
				GCC_WARN_ABOUT_RETURN_TYPE = YES;
				GCC_WARN_UNINITIALIZED_AUTOS = YES;
				GCC_WARN_UNUSED_VARIABLE = YES;
				IPHONEOS_DEPLOYMENT_TARGET = 6.1;
				OTHER_CFLAGS = "-DNS_BLOCK_ASSERTIONS=1";
				SDKROOT = iphoneos;
				VALIDATE_PRODUCT = YES;
			};
			name = Release;
		};
		F033D605151FCE40001B2725 /* Debug */ = {
			isa = XCBuildConfiguration;
			buildSettings = {
				GCC_PRECOMPILE_PREFIX_HEADER = YES;
				GCC_PREFIX_HEADER = "Pong/Pong-Prefix.pch";
				INFOPLIST_FILE = "Pong/Pong-Info.plist";
				PRODUCT_NAME = "$(TARGET_NAME)";
				WRAPPER_EXTENSION = app;
			};
			name = Debug;
		};
		F033D606151FCE40001B2725 /* Release */ = {
			isa = XCBuildConfiguration;
			buildSettings = {
				GCC_PRECOMPILE_PREFIX_HEADER = YES;
				GCC_PREFIX_HEADER = "Pong/Pong-Prefix.pch";
				INFOPLIST_FILE = "Pong/Pong-Info.plist";
				PRODUCT_NAME = "$(TARGET_NAME)";
				WRAPPER_EXTENSION = app;
			};
			name = Release;
		};
/* End XCBuildConfiguration section */

/* Begin XCConfigurationList section */
		F033D5E0151FCE40001B2725 /* Build configuration list for PBXProject "Pong" */ = {
			isa = XCConfigurationList;
			buildConfigurations = (
				F033D602151FCE40001B2725 /* Debug */,
				F033D603151FCE40001B2725 /* Release */,
			);
			defaultConfigurationIsVisible = 0;
			defaultConfigurationName = Release;
		};
		F033D604151FCE40001B2725 /* Build configuration list for PBXNativeTarget "Pong" */ = {
			isa = XCConfigurationList;
			buildConfigurations = (
				F033D605151FCE40001B2725 /* Debug */,
				F033D606151FCE40001B2725 /* Release */,
			);
			defaultConfigurationIsVisible = 0;
			defaultConfigurationName = Release;
		};
/* End XCConfigurationList section */
	};
	rootObject = F033D5DD151FCE40001B2725 /* Project object */;
}
