// !$*UTF8*$!
{
	archiveVersion = 1;
	classes = {
	};
	objectVersion = 46;
	objects = {

/* Begin PBXBuildFile section */
		F0156075179D9D120062EF8C /* UIKit.framework in Frameworks */ = {isa = PBXBuildFile; fileRef = F0156074179D9D120062EF8C /* UIKit.framework */; };
		F0156077179D9D120062EF8C /* Foundation.framework in Frameworks */ = {isa = PBXBuildFile; fileRef = F0156076179D9D120062EF8C /* Foundation.framework */; };
		F0156079179D9D120062EF8C /* CoreGraphics.framework in Frameworks */ = {isa = PBXBuildFile; fileRef = F0156078179D9D120062EF8C /* CoreGraphics.framework */; };
		F015607F179D9D120062EF8C /* InfoPlist.strings in Resources */ = {isa = PBXBuildFile; fileRef = F015607D179D9D120062EF8C /* InfoPlist.strings */; };
		F0156081179D9D120062EF8C /* main.m in Sources */ = {isa = PBXBuildFile; fileRef = F0156080179D9D120062EF8C /* main.m */; };
		F0156085179D9D120062EF8C /* AppDelegate.m in Sources */ = {isa = PBXBuildFile; fileRef = F0156084179D9D120062EF8C /* AppDelegate.m */; };
		F0156087179D9D120062EF8C /* Default.png in Resources */ = {isa = PBXBuildFile; fileRef = F0156086179D9D120062EF8C /* Default.png */; };
		F0156089179D9D120062EF8C /* Default@2x.png in Resources */ = {isa = PBXBuildFile; fileRef = F0156088179D9D120062EF8C /* Default@2x.png */; };
		F015608B179D9D120062EF8C /* Default-568h@2x.png in Resources */ = {isa = PBXBuildFile; fileRef = F015608A179D9D120062EF8C /* Default-568h@2x.png */; };
		F015608E179D9D120062EF8C /* ViewController.m in Sources */ = {isa = PBXBuildFile; fileRef = F015608D179D9D120062EF8C /* ViewController.m */; };
		F0156091179D9D120062EF8C /* ViewController.xib in Resources */ = {isa = PBXBuildFile; fileRef = F015608F179D9D120062EF8C /* ViewController.xib */; };
		F015609B179D9DE10062EF8C /* Localizable.strings in Resources */ = {isa = PBXBuildFile; fileRef = F015609D179D9DE10062EF8C /* Localizable.strings */; };
/* End PBXBuildFile section */

/* Begin PBXFileReference section */
		F0156071179D9D120062EF8C /* Hola2.app */ = {isa = PBXFileReference; explicitFileType = wrapper.application; includeInIndex = 0; path = Hola2.app; sourceTree = BUILT_PRODUCTS_DIR; };
		F0156074179D9D120062EF8C /* UIKit.framework */ = {isa = PBXFileReference; lastKnownFileType = wrapper.framework; name = UIKit.framework; path = System/Library/Frameworks/UIKit.framework; sourceTree = SDKROOT; };
		F0156076179D9D120062EF8C /* Foundation.framework */ = {isa = PBXFileReference; lastKnownFileType = wrapper.framework; name = Foundation.framework; path = System/Library/Frameworks/Foundation.framework; sourceTree = SDKROOT; };
		F0156078179D9D120062EF8C /* CoreGraphics.framework */ = {isa = PBXFileReference; lastKnownFileType = wrapper.framework; name = CoreGraphics.framework; path = System/Library/Frameworks/CoreGraphics.framework; sourceTree = SDKROOT; };
		F015607C179D9D120062EF8C /* Hola2-Info.plist */ = {isa = PBXFileReference; lastKnownFileType = text.plist.xml; path = "Hola2-Info.plist"; sourceTree = "<group>"; };
		F015607E179D9D120062EF8C /* en */ = {isa = PBXFileReference; lastKnownFileType = text.plist.strings; name = en; path = en.lproj/InfoPlist.strings; sourceTree = "<group>"; };
		F0156080179D9D120062EF8C /* main.m */ = {isa = PBXFileReference; lastKnownFileType = sourcecode.c.objc; path = main.m; sourceTree = "<group>"; };
		F0156082179D9D120062EF8C /* Hola2-Prefix.pch */ = {isa = PBXFileReference; lastKnownFileType = sourcecode.c.h; path = "Hola2-Prefix.pch"; sourceTree = "<group>"; };
		F0156083179D9D120062EF8C /* AppDelegate.h */ = {isa = PBXFileReference; lastKnownFileType = sourcecode.c.h; path = AppDelegate.h; sourceTree = "<group>"; };
		F0156084179D9D120062EF8C /* AppDelegate.m */ = {isa = PBXFileReference; lastKnownFileType = sourcecode.c.objc; path = AppDelegate.m; sourceTree = "<group>"; };
		F0156086179D9D120062EF8C /* Default.png */ = {isa = PBXFileReference; lastKnownFileType = image.png; path = Default.png; sourceTree = "<group>"; };
		F0156088179D9D120062EF8C /* Default@2x.png */ = {isa = PBXFileReference; lastKnownFileType = image.png; path = "Default@2x.png"; sourceTree = "<group>"; };
		F015608A179D9D120062EF8C /* Default-568h@2x.png */ = {isa = PBXFileReference; lastKnownFileType = image.png; path = "Default-568h@2x.png"; sourceTree = "<group>"; };
		F015608C179D9D120062EF8C /* ViewController.h */ = {isa = PBXFileReference; lastKnownFileType = sourcecode.c.h; path = ViewController.h; sourceTree = "<group>"; };
		F015608D179D9D120062EF8C /* ViewController.m */ = {isa = PBXFileReference; lastKnownFileType = sourcecode.c.objc; path = ViewController.m; sourceTree = "<group>"; };
		F0156090179D9D120062EF8C /* en */ = {isa = PBXFileReference; lastKnownFileType = file.xib; name = en; path = en.lproj/ViewController.xib; sourceTree = "<group>"; };
		F015609A179D9DDC0062EF8C /* es */ = {isa = PBXFileReference; lastKnownFileType = text.plist.strings; name = es; path = es.lproj/InfoPlist.strings; sourceTree = "<group>"; };
		F015609C179D9DE10062EF8C /* es */ = {isa = PBXFileReference; lastKnownFileType = file; name = es; path = es.lproj/Localizable.strings; sourceTree = "<group>"; };
		F015609E179D9DE60062EF8C /* en */ = {isa = PBXFileReference; lastKnownFileType = file; name = en; path = en.lproj/Localizable.strings; sourceTree = "<group>"; };
/* End PBXFileReference section */

/* Begin PBXFrameworksBuildPhase section */
		F015606E179D9D120062EF8C /* Frameworks */ = {
			isa = PBXFrameworksBuildPhase;
			buildActionMask = 2147483647;
			files = (
				F0156075179D9D120062EF8C /* UIKit.framework in Frameworks */,
				F0156077179D9D120062EF8C /* Foundation.framework in Frameworks */,
				F0156079179D9D120062EF8C /* CoreGraphics.framework in Frameworks */,
			);
			runOnlyForDeploymentPostprocessing = 0;
		};
/* End PBXFrameworksBuildPhase section */

/* Begin PBXGroup section */
		F0156068179D9D120062EF8C = {
			isa = PBXGroup;
			children = (
				F015607A179D9D120062EF8C /* Hola2 */,
				F0156073179D9D120062EF8C /* Frameworks */,
				F0156072179D9D120062EF8C /* Products */,
			);
			sourceTree = "<group>";
		};
		F0156072179D9D120062EF8C /* Products */ = {
			isa = PBXGroup;
			children = (
				F0156071179D9D120062EF8C /* Hola2.app */,
			);
			name = Products;
			sourceTree = "<group>";
		};
		F0156073179D9D120062EF8C /* Frameworks */ = {
			isa = PBXGroup;
			children = (
				F0156074179D9D120062EF8C /* UIKit.framework */,
				F0156076179D9D120062EF8C /* Foundation.framework */,
				F0156078179D9D120062EF8C /* CoreGraphics.framework */,
			);
			name = Frameworks;
			sourceTree = "<group>";
		};
		F015607A179D9D120062EF8C /* Hola2 */ = {
			isa = PBXGroup;
			children = (
				F0156083179D9D120062EF8C /* AppDelegate.h */,
				F0156084179D9D120062EF8C /* AppDelegate.m */,
				F015608C179D9D120062EF8C /* ViewController.h */,
				F015608D179D9D120062EF8C /* ViewController.m */,
				F015608F179D9D120062EF8C /* ViewController.xib */,
				F015607B179D9D120062EF8C /* Supporting Files */,
			);
			path = Hola2;
			sourceTree = "<group>";
		};
		F015607B179D9D120062EF8C /* Supporting Files */ = {
			isa = PBXGroup;
			children = (
				F0156086179D9D120062EF8C /* Default.png */,
				F0156088179D9D120062EF8C /* Default@2x.png */,
				F015608A179D9D120062EF8C /* Default-568h@2x.png */,
				F015607C179D9D120062EF8C /* Hola2-Info.plist */,
				F0156082179D9D120062EF8C /* Hola2-Prefix.pch */,
				F015607D179D9D120062EF8C /* InfoPlist.strings */,
				F015609D179D9DE10062EF8C /* Localizable.strings */,
				F0156080179D9D120062EF8C /* main.m */,
			);
			name = "Supporting Files";
			sourceTree = "<group>";
		};
/* End PBXGroup section */

/* Begin PBXNativeTarget section */
		F0156070179D9D120062EF8C /* Hola2 */ = {
			isa = PBXNativeTarget;
			buildConfigurationList = F0156094179D9D120062EF8C /* Build configuration list for PBXNativeTarget "Hola2" */;
			buildPhases = (
				F015606D179D9D120062EF8C /* Sources */,
				F015606E179D9D120062EF8C /* Frameworks */,
				F015606F179D9D120062EF8C /* Resources */,
			);
			buildRules = (
			);
			dependencies = (
			);
			name = Hola2;
			productName = Hola2;
			productReference = F0156071179D9D120062EF8C /* Hola2.app */;
			productType = "com.apple.product-type.application";
		};
/* End PBXNativeTarget section */

/* Begin PBXProject section */
		F0156069179D9D120062EF8C /* Project object */ = {
			isa = PBXProject;
			attributes = {
				LastUpgradeCheck = 0460;
				ORGANIZATIONNAME = "David J. Malan";
			};
			buildConfigurationList = F015606C179D9D120062EF8C /* Build configuration list for PBXProject "Hola2" */;
			compatibilityVersion = "Xcode 3.2";
			developmentRegion = English;
			hasScannedForEncodings = 0;
			knownRegions = (
				en,
				es,
			);
			mainGroup = F0156068179D9D120062EF8C;
			productRefGroup = F0156072179D9D120062EF8C /* Products */;
			projectDirPath = "";
			projectRoot = "";
			targets = (
				F0156070179D9D120062EF8C /* Hola2 */,
			);
		};
/* End PBXProject section */

/* Begin PBXResourcesBuildPhase section */
		F015606F179D9D120062EF8C /* Resources */ = {
			isa = PBXResourcesBuildPhase;
			buildActionMask = 2147483647;
			files = (
				F015607F179D9D120062EF8C /* InfoPlist.strings in Resources */,
				F0156087179D9D120062EF8C /* Default.png in Resources */,
				F0156089179D9D120062EF8C /* Default@2x.png in Resources */,
				F015608B179D9D120062EF8C /* Default-568h@2x.png in Resources */,
				F0156091179D9D120062EF8C /* ViewController.xib in Resources */,
				F015609B179D9DE10062EF8C /* Localizable.strings in Resources */,
			);
			runOnlyForDeploymentPostprocessing = 0;
		};
/* End PBXResourcesBuildPhase section */

/* Begin PBXSourcesBuildPhase section */
		F015606D179D9D120062EF8C /* Sources */ = {
			isa = PBXSourcesBuildPhase;
			buildActionMask = 2147483647;
			files = (
				F0156081179D9D120062EF8C /* main.m in Sources */,
				F0156085179D9D120062EF8C /* AppDelegate.m in Sources */,
				F015608E179D9D120062EF8C /* ViewController.m in Sources */,
			);
			runOnlyForDeploymentPostprocessing = 0;
		};
/* End PBXSourcesBuildPhase section */

/* Begin PBXVariantGroup section */
		F015607D179D9D120062EF8C /* InfoPlist.strings */ = {
			isa = PBXVariantGroup;
			children = (
				F015607E179D9D120062EF8C /* en */,
				F015609A179D9DDC0062EF8C /* es */,
			);
			name = InfoPlist.strings;
			sourceTree = "<group>";
		};
		F015608F179D9D120062EF8C /* ViewController.xib */ = {
			isa = PBXVariantGroup;
			children = (
				F0156090179D9D120062EF8C /* en */,
			);
			name = ViewController.xib;
			sourceTree = "<group>";
		};
		F015609D179D9DE10062EF8C /* Localizable.strings */ = {
			isa = PBXVariantGroup;
			children = (
				F015609C179D9DE10062EF8C /* es */,
				F015609E179D9DE60062EF8C /* en */,
			);
			name = Localizable.strings;
			path = ..;
			sourceTree = "<group>";
		};
/* End PBXVariantGroup section */

/* Begin XCBuildConfiguration section */
		F0156092179D9D120062EF8C /* Debug */ = {
			isa = XCBuildConfiguration;
			buildSettings = {
				ALWAYS_SEARCH_USER_PATHS = NO;
				CLANG_CXX_LANGUAGE_STANDARD = "gnu++0x";
				CLANG_CXX_LIBRARY = "libc++";
				CLANG_ENABLE_OBJC_ARC = YES;
				CLANG_WARN_CONSTANT_CONVERSION = YES;
				CLANG_WARN_EMPTY_BODY = YES;
				CLANG_WARN_ENUM_CONVERSION = YES;
				CLANG_WARN_INT_CONVERSION = YES;
				CLANG_WARN__DUPLICATE_METHOD_MATCH = YES;
				"CODE_SIGN_IDENTITY[sdk=iphoneos*]" = "iPhone Developer";
				COPY_PHASE_STRIP = NO;
				GCC_C_LANGUAGE_STANDARD = gnu99;
				GCC_DYNAMIC_NO_PIC = NO;
				GCC_OPTIMIZATION_LEVEL = 0;
				GCC_PREPROCESSOR_DEFINITIONS = (
					"DEBUG=1",
					"$(inherited)",
				);
				GCC_SYMBOLS_PRIVATE_EXTERN = NO;
				GCC_WARN_ABOUT_RETURN_TYPE = YES;
				GCC_WARN_UNINITIALIZED_AUTOS = YES;
				GCC_WARN_UNUSED_VARIABLE = YES;
				IPHONEOS_DEPLOYMENT_TARGET = 6.1;
				ONLY_ACTIVE_ARCH = YES;
				SDKROOT = iphoneos;
			};
			name = Debug;
		};
		F0156093179D9D120062EF8C /* Release */ = {
			isa = XCBuildConfiguration;
			buildSettings = {
				ALWAYS_SEARCH_USER_PATHS = NO;
				CLANG_CXX_LANGUAGE_STANDARD = "gnu++0x";
				CLANG_CXX_LIBRARY = "libc++";
				CLANG_ENABLE_OBJC_ARC = YES;
				CLANG_WARN_CONSTANT_CONVERSION = YES;
				CLANG_WARN_EMPTY_BODY = YES;
				CLANG_WARN_ENUM_CONVERSION = YES;
				CLANG_WARN_INT_CONVERSION = YES;
				CLANG_WARN__DUPLICATE_METHOD_MATCH = YES;
				"CODE_SIGN_IDENTITY[sdk=iphoneos*]" = "iPhone Developer";
				COPY_PHASE_STRIP = YES;
				GCC_C_LANGUAGE_STANDARD = gnu99;
				GCC_WARN_ABOUT_RETURN_TYPE = YES;
				GCC_WARN_UNINITIALIZED_AUTOS = YES;
				GCC_WARN_UNUSED_VARIABLE = YES;
				IPHONEOS_DEPLOYMENT_TARGET = 6.1;
				OTHER_CFLAGS = "-DNS_BLOCK_ASSERTIONS=1";
				SDKROOT = iphoneos;
				VALIDATE_PRODUCT = YES;
			};
			name = Release;
		};
		F0156095179D9D120062EF8C /* Debug */ = {
			isa = XCBuildConfiguration;
			buildSettings = {
				GCC_PRECOMPILE_PREFIX_HEADER = YES;
				GCC_PREFIX_HEADER = "Hola2/Hola2-Prefix.pch";
				INFOPLIST_FILE = "Hola2/Hola2-Info.plist";
				PRODUCT_NAME = "$(TARGET_NAME)";
				WRAPPER_EXTENSION = app;
			};
			name = Debug;
		};
		F0156096179D9D120062EF8C /* Release */ = {
			isa = XCBuildConfiguration;
			buildSettings = {
				GCC_PRECOMPILE_PREFIX_HEADER = YES;
				GCC_PREFIX_HEADER = "Hola2/Hola2-Prefix.pch";
				INFOPLIST_FILE = "Hola2/Hola2-Info.plist";
				PRODUCT_NAME = "$(TARGET_NAME)";
				WRAPPER_EXTENSION = app;
			};
			name = Release;
		};
/* End XCBuildConfiguration section */

/* Begin XCConfigurationList section */
		F015606C179D9D120062EF8C /* Build configuration list for PBXProject "Hola2" */ = {
			isa = XCConfigurationList;
			buildConfigurations = (
				F0156092179D9D120062EF8C /* Debug */,
				F0156093179D9D120062EF8C /* Release */,
			);
			defaultConfigurationIsVisible = 0;
			defaultConfigurationName = Release;
		};
		F0156094179D9D120062EF8C /* Build configuration list for PBXNativeTarget "Hola2" */ = {
			isa = XCConfigurationList;
			buildConfigurations = (
				F0156095179D9D120062EF8C /* Debug */,
				F0156096179D9D120062EF8C /* Release */,
			);
			defaultConfigurationIsVisible = 0;
		};
/* End XCConfigurationList section */
	};
	rootObject = F0156069179D9D120062EF8C /* Project object */;
}
